
Microsoft Visual Studio Solution File, Format Version 12.00
# Visual Studio Version 17
VisualStudioVersion = 17.6.33815.320
MinimumVisualStudioVersion = 10.0.40219.1
Project("{FAE04EC0-301F-11D3-BF4B-00C04F79EFBC}") = "BlazorEcommerce.Server", "BlazorEcommerce\Server\BlazorEcommerce.Server.csproj", "{01584261-01B4-4003-BC0E-AC808A79E342}"
EndProject
Project("{FAE04EC0-301F-11D3-BF4B-00C04F79EFBC}") = "BlazorEcommerce.Client", "BlazorEcommerce\Client\BlazorEcommerce.Client.csproj", "{24E93FE9-3416-43E9-9A35-4342FD9D1A18}"
EndProject
Project("{FAE04EC0-301F-11D3-BF4B-00C04F79EFBC}") = "BlazorEcommerce.Shared", "BlazorEcommerce\Shared\BlazorEcommerce.Shared.csproj", "{AAEB708E-C98D-4BED-9B96-92945FA53E7D}"
EndProject
Global
	GlobalSection(SolutionConfigurationPlatforms) = preSolution
		Debug|Any CPU = Debug|Any CPU
		Release|Any CPU = Release|Any CPU
	EndGlobalSection
	GlobalSection(ProjectConfigurationPlatforms) = postSolution
		{01584261-01B4-4003-BC0E-AC808A79E342}.Debug|Any CPU.ActiveCfg = Debug|Any CPU
		{01584261-01B4-4003-BC0E-AC808A79E342}.Debug|Any CPU.Build.0 = Debug|Any CPU
		{01584261-01B4-4003-BC0E-AC808A79E342}.Release|Any CPU.ActiveCfg = Release|Any CPU
		{01584261-01B4-4003-BC0E-AC808A79E342}.Release|Any CPU.Build.0 = Release|Any CPU
		{24E93FE9-3416-43E9-9A35-4342FD9D1A18}.Debug|Any CPU.ActiveCfg = Debug|Any CPU
		{24E93FE9-3416-43E9-9A35-4342FD9D1A18}.Debug|Any CPU.Build.0 = Debug|Any CPU
		{24E93FE9-3416-43E9-9A35-4342FD9D1A18}.Release|Any CPU.ActiveCfg = Release|Any CPU
		{24E93FE9-3416-43E9-9A35-4342FD9D1A18}.Release|Any CPU.Build.0 = Release|Any CPU
		{AAEB708E-C98D-4BED-9B96-92945FA53E7D}.Debug|Any CPU.ActiveCfg = Debug|Any CPU
		{AAEB708E-C98D-4BED-9B96-92945FA53E7D}.Debug|Any CPU.Build.0 = Debug|Any CPU
		{AAEB708E-C98D-4BED-9B96-92945FA53E7D}.Release|Any CPU.ActiveCfg = Release|Any CPU
		{AAEB708E-C98D-4BED-9B96-92945FA53E7D}.Release|Any CPU.Build.0 = Release|Any CPU
	EndGlobalSection
	GlobalSection(SolutionProperties) = preSolution
		HideSolutionNode = FALSE
	EndGlobalSection
	GlobalSection(ExtensibilityGlobals) = postSolution
		SolutionGuid = {C319BD09-234A-4F15-BA0E-5BE4811751D5}
	EndGlobalSection
EndGlobal
